
Microsoft Visual Studio Solution File, Format Version 12.00
# Visual Studio 2012
Project("{FAE04EC0-301F-11D3-BF4B-00C04F79EFBC}") = "Randal.QuickXml", "Randal.QuickXml\Randal.QuickXml.csproj", "{FF5D390E-2E80-483D-A566-72A48D149D27}"
EndProject
Project("{FAE04EC0-301F-11D3-BF4B-00C04F79EFBC}") = "Randal.Tests.QuickXml", "Randal.Tests.QuickXml\Randal.Tests.QuickXml.csproj", "{BB6BD30F-F3D0-4552-A90A-E1D89D2ED202}"
EndProject
Global
	GlobalSection(SolutionConfigurationPlatforms) = preSolution
		Debug|Any CPU = Debug|Any CPU
		Release|Any CPU = Release|Any CPU
	EndGlobalSection
	GlobalSection(ProjectConfigurationPlatforms) = postSolution
		{FF5D390E-2E80-483D-A566-72A48D149D27}.Debug|Any CPU.ActiveCfg = Debug|Any CPU
		{FF5D390E-2E80-483D-A566-72A48D149D27}.Debug|Any CPU.Build.0 = Debug|Any CPU
		{FF5D390E-2E80-483D-A566-72A48D149D27}.Release|Any CPU.ActiveCfg = Release|Any CPU
		{FF5D390E-2E80-483D-A566-72A48D149D27}.Release|Any CPU.Build.0 = Release|Any CPU
		{BB6BD30F-F3D0-4552-A90A-E1D89D2ED202}.Debug|Any CPU.ActiveCfg = Debug|Any CPU
		{BB6BD30F-F3D0-4552-A90A-E1D89D2ED202}.Debug|Any CPU.Build.0 = Debug|Any CPU
		{BB6BD30F-F3D0-4552-A90A-E1D89D2ED202}.Release|Any CPU.ActiveCfg = Release|Any CPU
		{BB6BD30F-F3D0-4552-A90A-E1D89D2ED202}.Release|Any CPU.Build.0 = Release|Any CPU
	EndGlobalSection
	GlobalSection(SolutionProperties) = preSolution
		HideSolutionNode = FALSE
	EndGlobalSection
EndGlobal
